// !$*UTF8*$!
{
	archiveVersion = 1;
	classes = {
	};
	objectVersion = 56;
	objects = {

/* Begin PBXBuildFile section */
		8AA8364A2CBBEF5600F0B79B /* AppDelegate.swift in Sources */ = {isa = PBXBuildFile; fileRef = 8AA836492CBBEF5600F0B79B /* AppDelegate.swift */; };
		8AA8364C2CBBEF5600F0B79B /* SceneDelegate.swift in Sources */ = {isa = PBXBuildFile; fileRef = 8AA8364B2CBBEF5600F0B79B /* SceneDelegate.swift */; };
		8AA836532CBBEF5800F0B79B /* Assets.xcassets in Resources */ = {isa = PBXBuildFile; fileRef = 8AA836522CBBEF5800F0B79B /* Assets.xcassets */; };
		8AA836562CBBEF5800F0B79B /* Base in Resources */ = {isa = PBXBuildFile; fileRef = 8AA836552CBBEF5800F0B79B /* Base */; };
		8AA836602CBBF17500F0B79B /* Model.swift in Sources */ = {isa = PBXBuildFile; fileRef = 8AA8365F2CBBF17500F0B79B /* Model.swift */; };
		8AA836642CBBF21000F0B79B /* CounterInteractor.swift in Sources */ = {isa = PBXBuildFile; fileRef = 8AA836632CBBF21000F0B79B /* CounterInteractor.swift */; };
		8AA836662CBBF32F00F0B79B /* CounterPresenter.swift in Sources */ = {isa = PBXBuildFile; fileRef = 8AA836652CBBF32F00F0B79B /* CounterPresenter.swift */; };
		8AA836682CBBF56F00F0B79B /* CounterViewController.swift in Sources */ = {isa = PBXBuildFile; fileRef = 8AA836672CBBF56F00F0B79B /* CounterViewController.swift */; };
		8AA8366D2CBBF85900F0B79B /* CounterConfigurator.swift in Sources */ = {isa = PBXBuildFile; fileRef = 8AA8366C2CBBF85900F0B79B /* CounterConfigurator.swift */; };
/* End PBXBuildFile section */

/* Begin PBXFileReference section */
		8AA836462CBBEF5600F0B79B /* hw34VIP.app */ = {isa = PBXFileReference; explicitFileType = wrapper.application; includeInIndex = 0; path = hw34VIP.app; sourceTree = BUILT_PRODUCTS_DIR; };
		8AA836492CBBEF5600F0B79B /* AppDelegate.swift */ = {isa = PBXFileReference; lastKnownFileType = sourcecode.swift; path = AppDelegate.swift; sourceTree = "<group>"; };
		8AA8364B2CBBEF5600F0B79B /* SceneDelegate.swift */ = {isa = PBXFileReference; lastKnownFileType = sourcecode.swift; path = SceneDelegate.swift; sourceTree = "<group>"; };
		8AA836522CBBEF5800F0B79B /* Assets.xcassets */ = {isa = PBXFileReference; lastKnownFileType = folder.assetcatalog; path = Assets.xcassets; sourceTree = "<group>"; };
		8AA836552CBBEF5800F0B79B /* Base */ = {isa = PBXFileReference; lastKnownFileType = file.storyboard; name = Base; path = Base.lproj/LaunchScreen.storyboard; sourceTree = "<group>"; };
		8AA836572CBBEF5800F0B79B /* Info.plist */ = {isa = PBXFileReference; lastKnownFileType = text.plist.xml; path = Info.plist; sourceTree = "<group>"; };
		8AA8365F2CBBF17500F0B79B /* Model.swift */ = {isa = PBXFileReference; lastKnownFileType = sourcecode.swift; path = Model.swift; sourceTree = "<group>"; };
		8AA836632CBBF21000F0B79B /* CounterInteractor.swift */ = {isa = PBXFileReference; lastKnownFileType = sourcecode.swift; path = CounterInteractor.swift; sourceTree = "<group>"; };
		8AA836652CBBF32F00F0B79B /* CounterPresenter.swift */ = {isa = PBXFileReference; lastKnownFileType = sourcecode.swift; path = CounterPresenter.swift; sourceTree = "<group>"; };
		8AA836672CBBF56F00F0B79B /* CounterViewController.swift */ = {isa = PBXFileReference; lastKnownFileType = sourcecode.swift; path = CounterViewController.swift; sourceTree = "<group>"; };
		8AA8366C2CBBF85900F0B79B /* CounterConfigurator.swift */ = {isa = PBXFileReference; lastKnownFileType = sourcecode.swift; path = CounterConfigurator.swift; sourceTree = "<group>"; };
/* End PBXFileReference section */

/* Begin PBXFrameworksBuildPhase section */
		8AA836432CBBEF5600F0B79B /* Frameworks */ = {
			isa = PBXFrameworksBuildPhase;
			buildActionMask = 2147483647;
			files = (
			);
			runOnlyForDeploymentPostprocessing = 0;
		};
/* End PBXFrameworksBuildPhase section */

/* Begin PBXGroup section */
		8AA8363D2CBBEF5600F0B79B = {
			isa = PBXGroup;
			children = (
				8AA836482CBBEF5600F0B79B /* hw34VIP */,
				8AA836472CBBEF5600F0B79B /* Products */,
			);
			sourceTree = "<group>";
		};
		8AA836472CBBEF5600F0B79B /* Products */ = {
			isa = PBXGroup;
			children = (
				8AA836462CBBEF5600F0B79B /* hw34VIP.app */,
			);
			name = Products;
			sourceTree = "<group>";
		};
		8AA836482CBBEF5600F0B79B /* hw34VIP */ = {
			isa = PBXGroup;
			children = (
				8AA836492CBBEF5600F0B79B /* AppDelegate.swift */,
				8AA8364B2CBBEF5600F0B79B /* SceneDelegate.swift */,
				8AA836522CBBEF5800F0B79B /* Assets.xcassets */,
				8AA836542CBBEF5800F0B79B /* LaunchScreen.storyboard */,
				8AA836572CBBEF5800F0B79B /* Info.plist */,
				8AA8365F2CBBF17500F0B79B /* Model.swift */,
				8AA836632CBBF21000F0B79B /* CounterInteractor.swift */,
				8AA836652CBBF32F00F0B79B /* CounterPresenter.swift */,
				8AA836672CBBF56F00F0B79B /* CounterViewController.swift */,
				8AA8366C2CBBF85900F0B79B /* CounterConfigurator.swift */,
			);
			path = hw34VIP;
			sourceTree = "<group>";
		};
/* End PBXGroup section */

/* Begin PBXNativeTarget section */
		8AA836452CBBEF5600F0B79B /* hw34VIP */ = {
			isa = PBXNativeTarget;
			buildConfigurationList = 8AA8365A2CBBEF5800F0B79B /* Build configuration list for PBXNativeTarget "hw34VIP" */;
			buildPhases = (
				8AA836422CBBEF5600F0B79B /* Sources */,
				8AA836432CBBEF5600F0B79B /* Frameworks */,
				8AA836442CBBEF5600F0B79B /* Resources */,
			);
			buildRules = (
			);
			dependencies = (
			);
			name = hw34VIP;
			productName = hw34VIP;
			productReference = 8AA836462CBBEF5600F0B79B /* hw34VIP.app */;
			productType = "com.apple.product-type.application";
		};
/* End PBXNativeTarget section */

/* Begin PBXProject section */
		8AA8363E2CBBEF5600F0B79B /* Project object */ = {
			isa = PBXProject;
			attributes = {
				BuildIndependentTargetsInParallel = 1;
				LastSwiftUpdateCheck = 1540;
				LastUpgradeCheck = 1540;
				TargetAttributes = {
					8AA836452CBBEF5600F0B79B = {
						CreatedOnToolsVersion = 15.4;
					};
				};
			};
			buildConfigurationList = 8AA836412CBBEF5600F0B79B /* Build configuration list for PBXProject "hw34VIP" */;
			compatibilityVersion = "Xcode 14.0";
			developmentRegion = en;
			hasScannedForEncodings = 0;
			knownRegions = (
				en,
				Base,
			);
			mainGroup = 8AA8363D2CBBEF5600F0B79B;
			productRefGroup = 8AA836472CBBEF5600F0B79B /* Products */;
			projectDirPath = "";
			projectRoot = "";
			targets = (
				8AA836452CBBEF5600F0B79B /* hw34VIP */,
			);
		};
/* End PBXProject section */

/* Begin PBXResourcesBuildPhase section */
		8AA836442CBBEF5600F0B79B /* Resources */ = {
			isa = PBXResourcesBuildPhase;
			buildActionMask = 2147483647;
			files = (
				8AA836532CBBEF5800F0B79B /* Assets.xcassets in Resources */,
				8AA836562CBBEF5800F0B79B /* Base in Resources */,
			);
			runOnlyForDeploymentPostprocessing = 0;
		};
/* End PBXResourcesBuildPhase section */

/* Begin PBXSourcesBuildPhase section */
		8AA836422CBBEF5600F0B79B /* Sources */ = {
			isa = PBXSourcesBuildPhase;
			buildActionMask = 2147483647;
			files = (
				8AA8364A2CBBEF5600F0B79B /* AppDelegate.swift in Sources */,
				8AA836682CBBF56F00F0B79B /* CounterViewController.swift in Sources */,
				8AA8364C2CBBEF5600F0B79B /* SceneDelegate.swift in Sources */,
				8AA836642CBBF21000F0B79B /* CounterInteractor.swift in Sources */,
				8AA836602CBBF17500F0B79B /* Model.swift in Sources */,
				8AA836662CBBF32F00F0B79B /* CounterPresenter.swift in Sources */,
				8AA8366D2CBBF85900F0B79B /* CounterConfigurator.swift in Sources */,
			);
			runOnlyForDeploymentPostprocessing = 0;
		};
/* End PBXSourcesBuildPhase section */

/* Begin PBXVariantGroup section */
		8AA836542CBBEF5800F0B79B /* LaunchScreen.storyboard */ = {
			isa = PBXVariantGroup;
			children = (
				8AA836552CBBEF5800F0B79B /* Base */,
			);
			name = LaunchScreen.storyboard;
			sourceTree = "<group>";
		};
/* End PBXVariantGroup section */

/* Begin XCBuildConfiguration section */
		8AA836582CBBEF5800F0B79B /* Debug */ = {
			isa = XCBuildConfiguration;
			buildSettings = {
				ALWAYS_SEARCH_USER_PATHS = NO;
				ASSETCATALOG_COMPILER_GENERATE_SWIFT_ASSET_SYMBOL_EXTENSIONS = YES;
				CLANG_ANALYZER_NONNULL = YES;
				CLANG_ANALYZER_NUMBER_OBJECT_CONVERSION = YES_AGGRESSIVE;
				CLANG_CXX_LANGUAGE_STANDARD = "gnu++20";
				CLANG_ENABLE_MODULES = YES;
				CLANG_ENABLE_OBJC_ARC = YES;
				CLANG_ENABLE_OBJC_WEAK = YES;
				CLANG_WARN_BLOCK_CAPTURE_AUTORELEASING = YES;
				CLANG_WARN_BOOL_CONVERSION = YES;
				CLANG_WARN_COMMA = YES;
				CLANG_WARN_CONSTANT_CONVERSION = YES;
				CLANG_WARN_DEPRECATED_OBJC_IMPLEMENTATIONS = YES;
				CLANG_WARN_DIRECT_OBJC_ISA_USAGE = YES_ERROR;
				CLANG_WARN_DOCUMENTATION_COMMENTS = YES;
				CLANG_WARN_EMPTY_BODY = YES;
				CLANG_WARN_ENUM_CONVERSION = YES;
				CLANG_WARN_INFINITE_RECURSION = YES;
				CLANG_WARN_INT_CONVERSION = YES;
				CLANG_WARN_NON_LITERAL_NULL_CONVERSION = YES;
				CLANG_WARN_OBJC_IMPLICIT_RETAIN_SELF = YES;
				CLANG_WARN_OBJC_LITERAL_CONVERSION = YES;
				CLANG_WARN_OBJC_ROOT_CLASS = YES_ERROR;
				CLANG_WARN_QUOTED_INCLUDE_IN_FRAMEWORK_HEADER = YES;
				CLANG_WARN_RANGE_LOOP_ANALYSIS = YES;
				CLANG_WARN_STRICT_PROTOTYPES = YES;
				CLANG_WARN_SUSPICIOUS_MOVE = YES;
				CLANG_WARN_UNGUARDED_AVAILABILITY = YES_AGGRESSIVE;
				CLANG_WARN_UNREACHABLE_CODE = YES;
				CLANG_WARN__DUPLICATE_METHOD_MATCH = YES;
				COPY_PHASE_STRIP = NO;
				DEBUG_INFORMATION_FORMAT = dwarf;
				ENABLE_STRICT_OBJC_MSGSEND = YES;
				ENABLE_TESTABILITY = YES;
				ENABLE_USER_SCRIPT_SANDBOXING = YES;
				GCC_C_LANGUAGE_STANDARD = gnu17;
				GCC_DYNAMIC_NO_PIC = NO;
				GCC_NO_COMMON_BLOCKS = YES;
				GCC_OPTIMIZATION_LEVEL = 0;
				GCC_PREPROCESSOR_DEFINITIONS = (
					"DEBUG=1",
					"$(inherited)",
				);
				GCC_WARN_64_TO_32_BIT_CONVERSION = YES;
				GCC_WARN_ABOUT_RETURN_TYPE = YES_ERROR;
				GCC_WARN_UNDECLARED_SELECTOR = YES;
				GCC_WARN_UNINITIALIZED_AUTOS = YES_AGGRESSIVE;
				GCC_WARN_UNUSED_FUNCTION = YES;
				GCC_WARN_UNUSED_VARIABLE = YES;
				IPHONEOS_DEPLOYMENT_TARGET = 17.5;
				LOCALIZATION_PREFERS_STRING_CATALOGS = YES;
				MTL_ENABLE_DEBUG_INFO = INCLUDE_SOURCE;
				MTL_FAST_MATH = YES;
				ONLY_ACTIVE_ARCH = YES;
				SDKROOT = iphoneos;
				SWIFT_ACTIVE_COMPILATION_CONDITIONS = "DEBUG $(inherited)";
				SWIFT_OPTIMIZATION_LEVEL = "-Onone";
			};
			name = Debug;
		};
		8AA836592CBBEF5800F0B79B /* Release */ = {
			isa = XCBuildConfiguration;
			buildSettings = {
				ALWAYS_SEARCH_USER_PATHS = NO;
				ASSETCATALOG_COMPILER_GENERATE_SWIFT_ASSET_SYMBOL_EXTENSIONS = YES;
				CLANG_ANALYZER_NONNULL = YES;
				CLANG_ANALYZER_NUMBER_OBJECT_CONVERSION = YES_AGGRESSIVE;
				CLANG_CXX_LANGUAGE_STANDARD = "gnu++20";
				CLANG_ENABLE_MODULES = YES;
				CLANG_ENABLE_OBJC_ARC = YES;
				CLANG_ENABLE_OBJC_WEAK = YES;
				CLANG_WARN_BLOCK_CAPTURE_AUTORELEASING = YES;
				CLANG_WARN_BOOL_CONVERSION = YES;
				CLANG_WARN_COMMA = YES;
				CLANG_WARN_CONSTANT_CONVERSION = YES;
				CLANG_WARN_DEPRECATED_OBJC_IMPLEMENTATIONS = YES;
				CLANG_WARN_DIRECT_OBJC_ISA_USAGE = YES_ERROR;
				CLANG_WARN_DOCUMENTATION_COMMENTS = YES;
				CLANG_WARN_EMPTY_BODY = YES;
				CLANG_WARN_ENUM_CONVERSION = YES;
				CLANG_WARN_INFINITE_RECURSION = YES;
				CLANG_WARN_INT_CONVERSION = YES;
				CLANG_WARN_NON_LITERAL_NULL_CONVERSION = YES;
				CLANG_WARN_OBJC_IMPLICIT_RETAIN_SELF = YES;
				CLANG_WARN_OBJC_LITERAL_CONVERSION = YES;
				CLANG_WARN_OBJC_ROOT_CLASS = YES_ERROR;
				CLANG_WARN_QUOTED_INCLUDE_IN_FRAMEWORK_HEADER = YES;
				CLANG_WARN_RANGE_LOOP_ANALYSIS = YES;
				CLANG_WARN_STRICT_PROTOTYPES = YES;
				CLANG_WARN_SUSPICIOUS_MOVE = YES;
				CLANG_WARN_UNGUARDED_AVAILABILITY = YES_AGGRESSIVE;
				CLANG_WARN_UNREACHABLE_CODE = YES;
				CLANG_WARN__DUPLICATE_METHOD_MATCH = YES;
				COPY_PHASE_STRIP = NO;
				DEBUG_INFORMATION_FORMAT = "dwarf-with-dsym";
				ENABLE_NS_ASSERTIONS = NO;
				ENABLE_STRICT_OBJC_MSGSEND = YES;
				ENABLE_USER_SCRIPT_SANDBOXING = YES;
				GCC_C_LANGUAGE_STANDARD = gnu17;
				GCC_NO_COMMON_BLOCKS = YES;
				GCC_WARN_64_TO_32_BIT_CONVERSION = YES;
				GCC_WARN_ABOUT_RETURN_TYPE = YES_ERROR;
				GCC_WARN_UNDECLARED_SELECTOR = YES;
				GCC_WARN_UNINITIALIZED_AUTOS = YES_AGGRESSIVE;
				GCC_WARN_UNUSED_FUNCTION = YES;
				GCC_WARN_UNUSED_VARIABLE = YES;
				IPHONEOS_DEPLOYMENT_TARGET = 17.5;
				LOCALIZATION_PREFERS_STRING_CATALOGS = YES;
				MTL_ENABLE_DEBUG_INFO = NO;
				MTL_FAST_MATH = YES;
				SDKROOT = iphoneos;
				SWIFT_COMPILATION_MODE = wholemodule;
				VALIDATE_PRODUCT = YES;
			};
			name = Release;
		};
		8AA8365B2CBBEF5800F0B79B /* Debug */ = {
			isa = XCBuildConfiguration;
			buildSettings = {
				ASSETCATALOG_COMPILER_APPICON_NAME = AppIcon;
				ASSETCATALOG_COMPILER_GLOBAL_ACCENT_COLOR_NAME = AccentColor;
				CODE_SIGN_STYLE = Automatic;
				CURRENT_PROJECT_VERSION = 1;
				GENERATE_INFOPLIST_FILE = YES;
				INFOPLIST_FILE = hw34VIP/Info.plist;
				INFOPLIST_KEY_UIApplicationSupportsIndirectInputEvents = YES;
				INFOPLIST_KEY_UILaunchStoryboardName = LaunchScreen;
				INFOPLIST_KEY_UISupportedInterfaceOrientations_iPad = "UIInterfaceOrientationPortrait UIInterfaceOrientationPortraitUpsideDown UIInterfaceOrientationLandscapeLeft UIInterfaceOrientationLandscapeRight";
				INFOPLIST_KEY_UISupportedInterfaceOrientations_iPhone = "UIInterfaceOrientationPortrait UIInterfaceOrientationLandscapeLeft UIInterfaceOrientationLandscapeRight";
				LD_RUNPATH_SEARCH_PATHS = (
					"$(inherited)",
					"@executable_path/Frameworks",
				);
				MARKETING_VERSION = 1.0;
				PRODUCT_BUNDLE_IDENTIFIER = myorg.hw34VIP;
				PRODUCT_NAME = "$(TARGET_NAME)";
				SWIFT_EMIT_LOC_STRINGS = YES;
				SWIFT_VERSION = 5.0;
				TARGETED_DEVICE_FAMILY = "1,2";
			};
			name = Debug;
		};
		8AA8365C2CBBEF5800F0B79B /* Release */ = {
			isa = XCBuildConfiguration;
			buildSettings = {
				ASSETCATALOG_COMPILER_APPICON_NAME = AppIcon;
				ASSETCATALOG_COMPILER_GLOBAL_ACCENT_COLOR_NAME = AccentColor;
				CODE_SIGN_STYLE = Automatic;
				CURRENT_PROJECT_VERSION = 1;
				GENERATE_INFOPLIST_FILE = YES;
				INFOPLIST_FILE = hw34VIP/Info.plist;
				INFOPLIST_KEY_UIApplicationSupportsIndirectInputEvents = YES;
				INFOPLIST_KEY_UILaunchStoryboardName = LaunchScreen;
				INFOPLIST_KEY_UISupportedInterfaceOrientations_iPad = "UIInterfaceOrientationPortrait UIInterfaceOrientationPortraitUpsideDown UIInterfaceOrientationLandscapeLeft UIInterfaceOrientationLandscapeRight";
				INFOPLIST_KEY_UISupportedInterfaceOrientations_iPhone = "UIInterfaceOrientationPortrait UIInterfaceOrientationLandscapeLeft UIInterfaceOrientationLandscapeRight";
				LD_RUNPATH_SEARCH_PATHS = (
					"$(inherited)",
					"@executable_path/Frameworks",
				);
				MARKETING_VERSION = 1.0;
				PRODUCT_BUNDLE_IDENTIFIER = myorg.hw34VIP;
				PRODUCT_NAME = "$(TARGET_NAME)";
				SWIFT_EMIT_LOC_STRINGS = YES;
				SWIFT_VERSION = 5.0;
				TARGETED_DEVICE_FAMILY = "1,2";
			};
			name = Release;
		};
/* End XCBuildConfiguration section */

/* Begin XCConfigurationList section */
		8AA836412CBBEF5600F0B79B /* Build configuration list for PBXProject "hw34VIP" */ = {
			isa = XCConfigurationList;
			buildConfigurations = (
				8AA836582CBBEF5800F0B79B /* Debug */,
				8AA836592CBBEF5800F0B79B /* Release */,
			);
			defaultConfigurationIsVisible = 0;
			defaultConfigurationName = Release;
		};
		8AA8365A2CBBEF5800F0B79B /* Build configuration list for PBXNativeTarget "hw34VIP" */ = {
			isa = XCConfigurationList;
			buildConfigurations = (
				8AA8365B2CBBEF5800F0B79B /* Debug */,
				8AA8365C2CBBEF5800F0B79B /* Release */,
			);
			defaultConfigurationIsVisible = 0;
			defaultConfigurationName = Release;
		};
/* End XCConfigurationList section */
	};
	rootObject = 8AA8363E2CBBEF5600F0B79B /* Project object */;
}
