// !$*UTF8*$!
{
	archiveVersion = 1;
	classes = {
	};
	objectVersion = 56;
	objects = {

/* Begin PBXBuildFile section */
		8A501E322C356A2900314E80 /* AppDelegate.swift in Sources */ = {isa = PBXBuildFile; fileRef = 8A501E312C356A2900314E80 /* AppDelegate.swift */; };
		8A501E342C356A2900314E80 /* SceneDelegate.swift in Sources */ = {isa = PBXBuildFile; fileRef = 8A501E332C356A2900314E80 /* SceneDelegate.swift */; };
		8A501E3B2C356A2A00314E80 /* Assets.xcassets in Resources */ = {isa = PBXBuildFile; fileRef = 8A501E3A2C356A2A00314E80 /* Assets.xcassets */; };
		8A501E3E2C356A2A00314E80 /* Base in Resources */ = {isa = PBXBuildFile; fileRef = 8A501E3D2C356A2A00314E80 /* Base */; };
		8A501E462C356B0900314E80 /* NavigationController.swift in Sources */ = {isa = PBXBuildFile; fileRef = 8A501E452C356B0900314E80 /* NavigationController.swift */; };
		8A501E482C356B7F00314E80 /* FirstViewController.swift in Sources */ = {isa = PBXBuildFile; fileRef = 8A501E472C356B7F00314E80 /* FirstViewController.swift */; };
		8A501E4A2C356B8A00314E80 /* SecondViewController.swift in Sources */ = {isa = PBXBuildFile; fileRef = 8A501E492C356B8A00314E80 /* SecondViewController.swift */; };
		8A501E4C2C356BCE00314E80 /* ThirdViewController.swift in Sources */ = {isa = PBXBuildFile; fileRef = 8A501E4B2C356BCE00314E80 /* ThirdViewController.swift */; };
		8A501E4E2C356BE100314E80 /* FourthViewController.swift in Sources */ = {isa = PBXBuildFile; fileRef = 8A501E4D2C356BE100314E80 /* FourthViewController.swift */; };
		8A501E502C356BEC00314E80 /* FifthViewController.swift in Sources */ = {isa = PBXBuildFile; fileRef = 8A501E4F2C356BEC00314E80 /* FifthViewController.swift */; };
		8A501E522C35741B00314E80 /* CustomButtonViewController.swift in Sources */ = {isa = PBXBuildFile; fileRef = 8A501E512C35741B00314E80 /* CustomButtonViewController.swift */; };
/* End PBXBuildFile section */

/* Begin PBXFileReference section */
		8A501E2E2C356A2900314E80 /* hw10.app */ = {isa = PBXFileReference; explicitFileType = wrapper.application; includeInIndex = 0; path = hw10.app; sourceTree = BUILT_PRODUCTS_DIR; };
		8A501E312C356A2900314E80 /* AppDelegate.swift */ = {isa = PBXFileReference; lastKnownFileType = sourcecode.swift; path = AppDelegate.swift; sourceTree = "<group>"; };
		8A501E332C356A2900314E80 /* SceneDelegate.swift */ = {isa = PBXFileReference; lastKnownFileType = sourcecode.swift; path = SceneDelegate.swift; sourceTree = "<group>"; };
		8A501E3A2C356A2A00314E80 /* Assets.xcassets */ = {isa = PBXFileReference; lastKnownFileType = folder.assetcatalog; path = Assets.xcassets; sourceTree = "<group>"; };
		8A501E3D2C356A2A00314E80 /* Base */ = {isa = PBXFileReference; lastKnownFileType = file.storyboard; name = Base; path = Base.lproj/LaunchScreen.storyboard; sourceTree = "<group>"; };
		8A501E3F2C356A2A00314E80 /* Info.plist */ = {isa = PBXFileReference; lastKnownFileType = text.plist.xml; path = Info.plist; sourceTree = "<group>"; };
		8A501E452C356B0900314E80 /* NavigationController.swift */ = {isa = PBXFileReference; lastKnownFileType = sourcecode.swift; path = NavigationController.swift; sourceTree = "<group>"; };
		8A501E472C356B7F00314E80 /* FirstViewController.swift */ = {isa = PBXFileReference; lastKnownFileType = sourcecode.swift; path = FirstViewController.swift; sourceTree = "<group>"; };
		8A501E492C356B8A00314E80 /* SecondViewController.swift */ = {isa = PBXFileReference; lastKnownFileType = sourcecode.swift; path = SecondViewController.swift; sourceTree = "<group>"; };
		8A501E4B2C356BCE00314E80 /* ThirdViewController.swift */ = {isa = PBXFileReference; lastKnownFileType = sourcecode.swift; path = ThirdViewController.swift; sourceTree = "<group>"; };
		8A501E4D2C356BE100314E80 /* FourthViewController.swift */ = {isa = PBXFileReference; lastKnownFileType = sourcecode.swift; path = FourthViewController.swift; sourceTree = "<group>"; };
		8A501E4F2C356BEC00314E80 /* FifthViewController.swift */ = {isa = PBXFileReference; lastKnownFileType = sourcecode.swift; path = FifthViewController.swift; sourceTree = "<group>"; };
		8A501E512C35741B00314E80 /* CustomButtonViewController.swift */ = {isa = PBXFileReference; lastKnownFileType = sourcecode.swift; path = CustomButtonViewController.swift; sourceTree = "<group>"; };
/* End PBXFileReference section */

/* Begin PBXFrameworksBuildPhase section */
		8A501E2B2C356A2900314E80 /* Frameworks */ = {
			isa = PBXFrameworksBuildPhase;
			buildActionMask = 2147483647;
			files = (
			);
			runOnlyForDeploymentPostprocessing = 0;
		};
/* End PBXFrameworksBuildPhase section */

/* Begin PBXGroup section */
		8A501E252C356A2900314E80 = {
			isa = PBXGroup;
			children = (
				8A501E302C356A2900314E80 /* hw10 */,
				8A501E2F2C356A2900314E80 /* Products */,
			);
			sourceTree = "<group>";
		};
		8A501E2F2C356A2900314E80 /* Products */ = {
			isa = PBXGroup;
			children = (
				8A501E2E2C356A2900314E80 /* hw10.app */,
			);
			name = Products;
			sourceTree = "<group>";
		};
		8A501E302C356A2900314E80 /* hw10 */ = {
			isa = PBXGroup;
			children = (
				8A501E312C356A2900314E80 /* AppDelegate.swift */,
				8A501E512C35741B00314E80 /* CustomButtonViewController.swift */,
				8A501E332C356A2900314E80 /* SceneDelegate.swift */,
				8A501E452C356B0900314E80 /* NavigationController.swift */,
				8A501E472C356B7F00314E80 /* FirstViewController.swift */,
				8A501E492C356B8A00314E80 /* SecondViewController.swift */,
				8A501E4B2C356BCE00314E80 /* ThirdViewController.swift */,
				8A501E4D2C356BE100314E80 /* FourthViewController.swift */,
				8A501E4F2C356BEC00314E80 /* FifthViewController.swift */,
				8A501E3A2C356A2A00314E80 /* Assets.xcassets */,
				8A501E3C2C356A2A00314E80 /* LaunchScreen.storyboard */,
				8A501E3F2C356A2A00314E80 /* Info.plist */,
			);
			path = hw10;
			sourceTree = "<group>";
		};
/* End PBXGroup section */

/* Begin PBXNativeTarget section */
		8A501E2D2C356A2900314E80 /* hw10 */ = {
			isa = PBXNativeTarget;
			buildConfigurationList = 8A501E422C356A2A00314E80 /* Build configuration list for PBXNativeTarget "hw10" */;
			buildPhases = (
				8A501E2A2C356A2900314E80 /* Sources */,
				8A501E2B2C356A2900314E80 /* Frameworks */,
				8A501E2C2C356A2900314E80 /* Resources */,
			);
			buildRules = (
			);
			dependencies = (
			);
			name = hw10;
			productName = hw10;
			productReference = 8A501E2E2C356A2900314E80 /* hw10.app */;
			productType = "com.apple.product-type.application";
		};
/* End PBXNativeTarget section */

/* Begin PBXProject section */
		8A501E262C356A2900314E80 /* Project object */ = {
			isa = PBXProject;
			attributes = {
				BuildIndependentTargetsInParallel = 1;
				LastSwiftUpdateCheck = 1540;
				LastUpgradeCheck = 1540;
				TargetAttributes = {
					8A501E2D2C356A2900314E80 = {
						CreatedOnToolsVersion = 15.4;
					};
				};
			};
			buildConfigurationList = 8A501E292C356A2900314E80 /* Build configuration list for PBXProject "hw10" */;
			compatibilityVersion = "Xcode 14.0";
			developmentRegion = en;
			hasScannedForEncodings = 0;
			knownRegions = (
				en,
				Base,
			);
			mainGroup = 8A501E252C356A2900314E80;
			productRefGroup = 8A501E2F2C356A2900314E80 /* Products */;
			projectDirPath = "";
			projectRoot = "";
			targets = (
				8A501E2D2C356A2900314E80 /* hw10 */,
			);
		};
/* End PBXProject section */

/* Begin PBXResourcesBuildPhase section */
		8A501E2C2C356A2900314E80 /* Resources */ = {
			isa = PBXResourcesBuildPhase;
			buildActionMask = 2147483647;
			files = (
				8A501E3B2C356A2A00314E80 /* Assets.xcassets in Resources */,
				8A501E3E2C356A2A00314E80 /* Base in Resources */,
			);
			runOnlyForDeploymentPostprocessing = 0;
		};
/* End PBXResourcesBuildPhase section */

/* Begin PBXSourcesBuildPhase section */
		8A501E2A2C356A2900314E80 /* Sources */ = {
			isa = PBXSourcesBuildPhase;
			buildActionMask = 2147483647;
			files = (
				8A501E322C356A2900314E80 /* AppDelegate.swift in Sources */,
				8A501E462C356B0900314E80 /* NavigationController.swift in Sources */,
				8A501E342C356A2900314E80 /* SceneDelegate.swift in Sources */,
				8A501E4E2C356BE100314E80 /* FourthViewController.swift in Sources */,
				8A501E502C356BEC00314E80 /* FifthViewController.swift in Sources */,
				8A501E4A2C356B8A00314E80 /* SecondViewController.swift in Sources */,
				8A501E522C35741B00314E80 /* CustomButtonViewController.swift in Sources */,
				8A501E4C2C356BCE00314E80 /* ThirdViewController.swift in Sources */,
				8A501E482C356B7F00314E80 /* FirstViewController.swift in Sources */,
			);
			runOnlyForDeploymentPostprocessing = 0;
		};
/* End PBXSourcesBuildPhase section */

/* Begin PBXVariantGroup section */
		8A501E3C2C356A2A00314E80 /* LaunchScreen.storyboard */ = {
			isa = PBXVariantGroup;
			children = (
				8A501E3D2C356A2A00314E80 /* Base */,
			);
			name = LaunchScreen.storyboard;
			sourceTree = "<group>";
		};
/* End PBXVariantGroup section */

/* Begin XCBuildConfiguration section */
		8A501E402C356A2A00314E80 /* Debug */ = {
			isa = XCBuildConfiguration;
			buildSettings = {
				ALWAYS_SEARCH_USER_PATHS = NO;
				ASSETCATALOG_COMPILER_GENERATE_SWIFT_ASSET_SYMBOL_EXTENSIONS = YES;
				CLANG_ANALYZER_NONNULL = YES;
				CLANG_ANALYZER_NUMBER_OBJECT_CONVERSION = YES_AGGRESSIVE;
				CLANG_CXX_LANGUAGE_STANDARD = "gnu++20";
				CLANG_ENABLE_MODULES = YES;
				CLANG_ENABLE_OBJC_ARC = YES;
				CLANG_ENABLE_OBJC_WEAK = YES;
				CLANG_WARN_BLOCK_CAPTURE_AUTORELEASING = YES;
				CLANG_WARN_BOOL_CONVERSION = YES;
				CLANG_WARN_COMMA = YES;
				CLANG_WARN_CONSTANT_CONVERSION = YES;
				CLANG_WARN_DEPRECATED_OBJC_IMPLEMENTATIONS = YES;
				CLANG_WARN_DIRECT_OBJC_ISA_USAGE = YES_ERROR;
				CLANG_WARN_DOCUMENTATION_COMMENTS = YES;
				CLANG_WARN_EMPTY_BODY = YES;
				CLANG_WARN_ENUM_CONVERSION = YES;
				CLANG_WARN_INFINITE_RECURSION = YES;
				CLANG_WARN_INT_CONVERSION = YES;
				CLANG_WARN_NON_LITERAL_NULL_CONVERSION = YES;
				CLANG_WARN_OBJC_IMPLICIT_RETAIN_SELF = YES;
				CLANG_WARN_OBJC_LITERAL_CONVERSION = YES;
				CLANG_WARN_OBJC_ROOT_CLASS = YES_ERROR;
				CLANG_WARN_QUOTED_INCLUDE_IN_FRAMEWORK_HEADER = YES;
				CLANG_WARN_RANGE_LOOP_ANALYSIS = YES;
				CLANG_WARN_STRICT_PROTOTYPES = YES;
				CLANG_WARN_SUSPICIOUS_MOVE = YES;
				CLANG_WARN_UNGUARDED_AVAILABILITY = YES_AGGRESSIVE;
				CLANG_WARN_UNREACHABLE_CODE = YES;
				CLANG_WARN__DUPLICATE_METHOD_MATCH = YES;
				COPY_PHASE_STRIP = NO;
				DEBUG_INFORMATION_FORMAT = dwarf;
				ENABLE_STRICT_OBJC_MSGSEND = YES;
				ENABLE_TESTABILITY = YES;
				ENABLE_USER_SCRIPT_SANDBOXING = YES;
				GCC_C_LANGUAGE_STANDARD = gnu17;
				GCC_DYNAMIC_NO_PIC = NO;
				GCC_NO_COMMON_BLOCKS = YES;
				GCC_OPTIMIZATION_LEVEL = 0;
				GCC_PREPROCESSOR_DEFINITIONS = (
					"DEBUG=1",
					"$(inherited)",
				);
				GCC_WARN_64_TO_32_BIT_CONVERSION = YES;
				GCC_WARN_ABOUT_RETURN_TYPE = YES_ERROR;
				GCC_WARN_UNDECLARED_SELECTOR = YES;
				GCC_WARN_UNINITIALIZED_AUTOS = YES_AGGRESSIVE;
				GCC_WARN_UNUSED_FUNCTION = YES;
				GCC_WARN_UNUSED_VARIABLE = YES;
				IPHONEOS_DEPLOYMENT_TARGET = 17.5;
				LOCALIZATION_PREFERS_STRING_CATALOGS = YES;
				MTL_ENABLE_DEBUG_INFO = INCLUDE_SOURCE;
				MTL_FAST_MATH = YES;
				ONLY_ACTIVE_ARCH = YES;
				SDKROOT = iphoneos;
				SWIFT_ACTIVE_COMPILATION_CONDITIONS = "DEBUG $(inherited)";
				SWIFT_OPTIMIZATION_LEVEL = "-Onone";
			};
			name = Debug;
		};
		8A501E412C356A2A00314E80 /* Release */ = {
			isa = XCBuildConfiguration;
			buildSettings = {
				ALWAYS_SEARCH_USER_PATHS = NO;
				ASSETCATALOG_COMPILER_GENERATE_SWIFT_ASSET_SYMBOL_EXTENSIONS = YES;
				CLANG_ANALYZER_NONNULL = YES;
				CLANG_ANALYZER_NUMBER_OBJECT_CONVERSION = YES_AGGRESSIVE;
				CLANG_CXX_LANGUAGE_STANDARD = "gnu++20";
				CLANG_ENABLE_MODULES = YES;
				CLANG_ENABLE_OBJC_ARC = YES;
				CLANG_ENABLE_OBJC_WEAK = YES;
				CLANG_WARN_BLOCK_CAPTURE_AUTORELEASING = YES;
				CLANG_WARN_BOOL_CONVERSION = YES;
				CLANG_WARN_COMMA = YES;
				CLANG_WARN_CONSTANT_CONVERSION = YES;
				CLANG_WARN_DEPRECATED_OBJC_IMPLEMENTATIONS = YES;
				CLANG_WARN_DIRECT_OBJC_ISA_USAGE = YES_ERROR;
				CLANG_WARN_DOCUMENTATION_COMMENTS = YES;
				CLANG_WARN_EMPTY_BODY = YES;
				CLANG_WARN_ENUM_CONVERSION = YES;
				CLANG_WARN_INFINITE_RECURSION = YES;
				CLANG_WARN_INT_CONVERSION = YES;
				CLANG_WARN_NON_LITERAL_NULL_CONVERSION = YES;
				CLANG_WARN_OBJC_IMPLICIT_RETAIN_SELF = YES;
				CLANG_WARN_OBJC_LITERAL_CONVERSION = YES;
				CLANG_WARN_OBJC_ROOT_CLASS = YES_ERROR;
				CLANG_WARN_QUOTED_INCLUDE_IN_FRAMEWORK_HEADER = YES;
				CLANG_WARN_RANGE_LOOP_ANALYSIS = YES;
				CLANG_WARN_STRICT_PROTOTYPES = YES;
				CLANG_WARN_SUSPICIOUS_MOVE = YES;
				CLANG_WARN_UNGUARDED_AVAILABILITY = YES_AGGRESSIVE;
				CLANG_WARN_UNREACHABLE_CODE = YES;
				CLANG_WARN__DUPLICATE_METHOD_MATCH = YES;
				COPY_PHASE_STRIP = NO;
				DEBUG_INFORMATION_FORMAT = "dwarf-with-dsym";
				ENABLE_NS_ASSERTIONS = NO;
				ENABLE_STRICT_OBJC_MSGSEND = YES;
				ENABLE_USER_SCRIPT_SANDBOXING = YES;
				GCC_C_LANGUAGE_STANDARD = gnu17;
				GCC_NO_COMMON_BLOCKS = YES;
				GCC_WARN_64_TO_32_BIT_CONVERSION = YES;
				GCC_WARN_ABOUT_RETURN_TYPE = YES_ERROR;
				GCC_WARN_UNDECLARED_SELECTOR = YES;
				GCC_WARN_UNINITIALIZED_AUTOS = YES_AGGRESSIVE;
				GCC_WARN_UNUSED_FUNCTION = YES;
				GCC_WARN_UNUSED_VARIABLE = YES;
				IPHONEOS_DEPLOYMENT_TARGET = 17.5;
				LOCALIZATION_PREFERS_STRING_CATALOGS = YES;
				MTL_ENABLE_DEBUG_INFO = NO;
				MTL_FAST_MATH = YES;
				SDKROOT = iphoneos;
				SWIFT_COMPILATION_MODE = wholemodule;
				VALIDATE_PRODUCT = YES;
			};
			name = Release;
		};
		8A501E432C356A2A00314E80 /* Debug */ = {
			isa = XCBuildConfiguration;
			buildSettings = {
				ASSETCATALOG_COMPILER_APPICON_NAME = AppIcon;
				ASSETCATALOG_COMPILER_GLOBAL_ACCENT_COLOR_NAME = AccentColor;
				CODE_SIGN_STYLE = Automatic;
				CURRENT_PROJECT_VERSION = 1;
				GENERATE_INFOPLIST_FILE = YES;
				INFOPLIST_FILE = hw10/Info.plist;
				INFOPLIST_KEY_UIApplicationSupportsIndirectInputEvents = YES;
				INFOPLIST_KEY_UILaunchStoryboardName = LaunchScreen;
				INFOPLIST_KEY_UISupportedInterfaceOrientations_iPad = "UIInterfaceOrientationPortrait UIInterfaceOrientationPortraitUpsideDown UIInterfaceOrientationLandscapeLeft UIInterfaceOrientationLandscapeRight";
				INFOPLIST_KEY_UISupportedInterfaceOrientations_iPhone = "UIInterfaceOrientationPortrait UIInterfaceOrientationLandscapeLeft UIInterfaceOrientationLandscapeRight";
				LD_RUNPATH_SEARCH_PATHS = (
					"$(inherited)",
					"@executable_path/Frameworks",
				);
				MARKETING_VERSION = 1.0;
				PRODUCT_BUNDLE_IDENTIFIER = myorg.hw10;
				PRODUCT_NAME = "$(TARGET_NAME)";
				SWIFT_EMIT_LOC_STRINGS = YES;
				SWIFT_VERSION = 5.0;
				TARGETED_DEVICE_FAMILY = "1,2";
			};
			name = Debug;
		};
		8A501E442C356A2A00314E80 /* Release */ = {
			isa = XCBuildConfiguration;
			buildSettings = {
				ASSETCATALOG_COMPILER_APPICON_NAME = AppIcon;
				ASSETCATALOG_COMPILER_GLOBAL_ACCENT_COLOR_NAME = AccentColor;
				CODE_SIGN_STYLE = Automatic;
				CURRENT_PROJECT_VERSION = 1;
				GENERATE_INFOPLIST_FILE = YES;
				INFOPLIST_FILE = hw10/Info.plist;
				INFOPLIST_KEY_UIApplicationSupportsIndirectInputEvents = YES;
				INFOPLIST_KEY_UILaunchStoryboardName = LaunchScreen;
				INFOPLIST_KEY_UISupportedInterfaceOrientations_iPad = "UIInterfaceOrientationPortrait UIInterfaceOrientationPortraitUpsideDown UIInterfaceOrientationLandscapeLeft UIInterfaceOrientationLandscapeRight";
				INFOPLIST_KEY_UISupportedInterfaceOrientations_iPhone = "UIInterfaceOrientationPortrait UIInterfaceOrientationLandscapeLeft UIInterfaceOrientationLandscapeRight";
				LD_RUNPATH_SEARCH_PATHS = (
					"$(inherited)",
					"@executable_path/Frameworks",
				);
				MARKETING_VERSION = 1.0;
				PRODUCT_BUNDLE_IDENTIFIER = myorg.hw10;
				PRODUCT_NAME = "$(TARGET_NAME)";
				SWIFT_EMIT_LOC_STRINGS = YES;
				SWIFT_VERSION = 5.0;
				TARGETED_DEVICE_FAMILY = "1,2";
			};
			name = Release;
		};
/* End XCBuildConfiguration section */

/* Begin XCConfigurationList section */
		8A501E292C356A2900314E80 /* Build configuration list for PBXProject "hw10" */ = {
			isa = XCConfigurationList;
			buildConfigurations = (
				8A501E402C356A2A00314E80 /* Debug */,
				8A501E412C356A2A00314E80 /* Release */,
			);
			defaultConfigurationIsVisible = 0;
			defaultConfigurationName = Release;
		};
		8A501E422C356A2A00314E80 /* Build configuration list for PBXNativeTarget "hw10" */ = {
			isa = XCConfigurationList;
			buildConfigurations = (
				8A501E432C356A2A00314E80 /* Debug */,
				8A501E442C356A2A00314E80 /* Release */,
			);
			defaultConfigurationIsVisible = 0;
			defaultConfigurationName = Release;
		};
/* End XCConfigurationList section */
	};
	rootObject = 8A501E262C356A2900314E80 /* Project object */;
}
